<Solution>
  <Folder Name="/.github/">
    <File Path=".github/workflows/ci.yml" />
  </Folder>
  <Project Path="API/API.csproj" />
  <Project Path="Data/Data.csproj" />
  <Project Path="Domain/Domain.csproj" />
  <Project Path="Infra/Infra.csproj" />
  <Project Path="PoulinaSSO.Tests/PoulinaSSO.Tests.csproj" />
</Solution>
